
Microsoft Visual Studio Solution File, Format Version 12.00
# Visual Studio 15
Project("{FAE04EC0-301F-11D3-BF4B-00C04F79EFBC}") = "UnityEngine.TestRunner", "UnityEngine.TestRunner.csproj", "{699040F9-0242-68FB-7B80-5E748F3A98D1}"
EndProject
Project("{FAE04EC0-301F-11D3-BF4B-00C04F79EFBC}") = "Unity.Mathematics", "Unity.Mathematics.csproj", "{08E1F8A7-118A-12B1-FCCC-04F998EAC734}"
EndProject
Project("{FAE04EC0-301F-11D3-BF4B-00C04F79EFBC}") = "Unity.2D.Animation.Triangle.Runtime", "Unity.2D.Animation.Triangle.Runtime.csproj", "{9DEE67C6-69B8-E832-702F-E410DA2E5E28}"
EndProject
Project("{FAE04EC0-301F-11D3-BF4B-00C04F79EFBC}") = "Unity.Timeline", "Unity.Timeline.csproj", "{AED27066-11D6-6C71-EC3E-985A0E708BE7}"
EndProject
Project("{FAE04EC0-301F-11D3-BF4B-00C04F79EFBC}") = "UnityEngine.UI", "UnityEngine.UI.csproj", "{B3BE34E7-45D2-CDE6-307E-730A0B1E32FB}"
EndProject
Project("{FAE04EC0-301F-11D3-BF4B-00C04F79EFBC}") = "Unity.TextMeshPro", "Unity.TextMeshPro.csproj", "{2CD22BE4-2038-1CD9-01B7-75A4BD76D9C5}"
EndProject
Project("{FAE04EC0-301F-11D3-BF4B-00C04F79EFBC}") = "Unity.2D.Animation.Runtime", "Unity.2D.Animation.Runtime.csproj", "{A51010AE-561F-1B05-D5A3-A76427D5AB1C}"
EndProject
Project("{FAE04EC0-301F-11D3-BF4B-00C04F79EFBC}") = "Assembly-CSharp", "Assembly-CSharp.csproj", "{2903E337-539D-86A9-7064-92F8F65A600C}"
EndProject
Project("{FAE04EC0-301F-11D3-BF4B-00C04F79EFBC}") = "Unity.2D.IK.Runtime", "Unity.2D.IK.Runtime.csproj", "{E339BB2F-D45A-0BD8-0C53-FFE09DF74CA7}"
EndProject
Project("{FAE04EC0-301F-11D3-BF4B-00C04F79EFBC}") = "Unity.2D.SpriteShape.Runtime", "Unity.2D.SpriteShape.Runtime.csproj", "{0ABA4222-30A3-01DE-F149-6E188189CCDE}"
EndProject
Project("{FAE04EC0-301F-11D3-BF4B-00C04F79EFBC}") = "Unity.2D.PixelPerfect", "Unity.2D.PixelPerfect.csproj", "{BC570E0E-0E50-BF9C-85CB-361CCD369264}"
EndProject
Project("{FAE04EC0-301F-11D3-BF4B-00C04F79EFBC}") = "Unity.2D.Common.Runtime", "Unity.2D.Common.Runtime.csproj", "{962548D7-6CAC-276B-61BC-72E74E9A3345}"
EndProject
Project("{FAE04EC0-301F-11D3-BF4B-00C04F79EFBC}") = "Unity.InternalAPIEngineBridge.001", "Unity.InternalAPIEngineBridge.001.csproj", "{DC508C0B-2B73-5326-55FD-001B4D256476}"
EndProject
Project("{FAE04EC0-301F-11D3-BF4B-00C04F79EFBC}") = "UnityEditor.TestRunner", "UnityEditor.TestRunner.csproj", "{818678D8-7B37-8B6D-93D3-32A8D186598D}"
EndProject
Project("{FAE04EC0-301F-11D3-BF4B-00C04F79EFBC}") = "Unity.PlasticSCM.Editor", "Unity.PlasticSCM.Editor.csproj", "{49205B91-8986-BD49-0CA5-C2A38B025132}"
EndProject
Project("{FAE04EC0-301F-11D3-BF4B-00C04F79EFBC}") = "UnityEditor.UI", "UnityEditor.UI.csproj", "{9F0C7B00-A0D1-7675-2090-3ABB66D85F56}"
EndProject
Project("{FAE04EC0-301F-11D3-BF4B-00C04F79EFBC}") = "Unity.Services.Core.Editor", "Unity.Services.Core.Editor.csproj", "{48F779B1-5FD1-BB83-65E1-1B75476B2848}"
EndProject
Project("{FAE04EC0-301F-11D3-BF4B-00C04F79EFBC}") = "Unity.Timeline.Editor", "Unity.Timeline.Editor.csproj", "{3C07285A-DA52-B5F3-481F-B65A576FA24B}"
EndProject
Project("{FAE04EC0-301F-11D3-BF4B-00C04F79EFBC}") = "Unity.VisualStudio.Editor", "Unity.VisualStudio.Editor.csproj", "{A9693D76-5F8C-D1BE-6B0A-06CA79CA92E3}"
EndProject
Project("{FAE04EC0-301F-11D3-BF4B-00C04F79EFBC}") = "Unity.2D.Psdimporter.Editor", "Unity.2D.Psdimporter.Editor.csproj", "{265C5BA7-2C5A-24EF-D009-0218C18000ED}"
EndProject
Project("{FAE04EC0-301F-11D3-BF4B-00C04F79EFBC}") = "Unity.2D.Animation.Editor", "Unity.2D.Animation.Editor.csproj", "{3B94586A-3603-5150-9052-0764932B3F7D}"
EndProject
Project("{FAE04EC0-301F-11D3-BF4B-00C04F79EFBC}") = "Unity.TextMeshPro.Editor", "Unity.TextMeshPro.Editor.csproj", "{1FE512E5-070B-655F-0876-F6A2B5EC8AA7}"
EndProject
Project("{FAE04EC0-301F-11D3-BF4B-00C04F79EFBC}") = "Unity.2D.SpriteShape.Editor", "Unity.2D.SpriteShape.Editor.csproj", "{D9EFCAF7-1A79-AF5F-E8E4-A8D0195958AF}"
EndProject
Project("{FAE04EC0-301F-11D3-BF4B-00C04F79EFBC}") = "Unity.CollabProxy.Editor", "Unity.CollabProxy.Editor.csproj", "{474BE21E-1DB3-3A76-C591-BF7856DDD3AD}"
EndProject
Project("{FAE04EC0-301F-11D3-BF4B-00C04F79EFBC}") = "PsdPlugin", "PsdPlugin.csproj", "{7E0CA246-CDD9-49A7-67D4-FF8923DFA54F}"
EndProject
Project("{FAE04EC0-301F-11D3-BF4B-00C04F79EFBC}") = "Unity.2D.Path.Editor", "Unity.2D.Path.Editor.csproj", "{355FCF7E-38E9-9FBC-ABFF-3A7F5A6633F5}"
EndProject
Project("{FAE04EC0-301F-11D3-BF4B-00C04F79EFBC}") = "Unity.Rider.Editor", "Unity.Rider.Editor.csproj", "{807A36AE-7E8A-E5ED-CECD-23473725C3A2}"
EndProject
Project("{FAE04EC0-301F-11D3-BF4B-00C04F79EFBC}") = "Unity.2D.IK.Editor", "Unity.2D.IK.Editor.csproj", "{E918313E-CD2A-06F0-BE3D-189D7C11495A}"
EndProject
Project("{FAE04EC0-301F-11D3-BF4B-00C04F79EFBC}") = "Unity.2D.Sprite.Editor", "Unity.2D.Sprite.Editor.csproj", "{D6461825-9232-A739-BCB6-6A24A9AE9134}"
EndProject
Project("{FAE04EC0-301F-11D3-BF4B-00C04F79EFBC}") = "Unity.2D.Tilemap.Editor", "Unity.2D.Tilemap.Editor.csproj", "{40FE1FB7-632E-F10C-4D09-3702C3848A3D}"
EndProject
Project("{FAE04EC0-301F-11D3-BF4B-00C04F79EFBC}") = "Unity.2D.PixelPerfect.Editor", "Unity.2D.PixelPerfect.Editor.csproj", "{D655211F-B145-7797-1B96-C7BAC5600FC5}"
EndProject
Project("{FAE04EC0-301F-11D3-BF4B-00C04F79EFBC}") = "Unity.VSCode.Editor", "Unity.VSCode.Editor.csproj", "{4DB8ABBC-CA2A-1E5F-AFDD-833429B33A90}"
EndProject
Project("{FAE04EC0-301F-11D3-BF4B-00C04F79EFBC}") = "Unity.2D.Common.Editor", "Unity.2D.Common.Editor.csproj", "{8CD64593-F38C-2091-4F2E-A1F929E60399}"
EndProject
Project("{FAE04EC0-301F-11D3-BF4B-00C04F79EFBC}") = "Unity.Mathematics.Editor", "Unity.Mathematics.Editor.csproj", "{1C8DC8B5-856F-2406-7C3D-433A59496E57}"
EndProject
Project("{FAE04EC0-301F-11D3-BF4B-00C04F79EFBC}") = "Unity.InternalAPIEditorBridge.001", "Unity.InternalAPIEditorBridge.001.csproj", "{91386F0A-FD82-FE7E-3674-2B76F90E8DC3}"
EndProject
Global
	GlobalSection(SolutionConfigurationPlatforms) = preSolution
		Debug|Any CPU = Debug|Any CPU
		Release|Any CPU = Release|Any CPU
	EndGlobalSection
	GlobalSection(ProjectConfigurationPlatforms) = postSolution
		{699040F9-0242-68FB-7B80-5E748F3A98D1}.Debug|Any CPU.ActiveCfg = Debug|Any CPU
		{699040F9-0242-68FB-7B80-5E748F3A98D1}.Debug|Any CPU.Build.0 = Debug|Any CPU
		{699040F9-0242-68FB-7B80-5E748F3A98D1}.Release|Any CPU.ActiveCfg = Release|Any CPU
		{699040F9-0242-68FB-7B80-5E748F3A98D1}.Release|Any CPU.Build.0 = Release|Any CPU
		{08E1F8A7-118A-12B1-FCCC-04F998EAC734}.Debug|Any CPU.ActiveCfg = Debug|Any CPU
		{08E1F8A7-118A-12B1-FCCC-04F998EAC734}.Debug|Any CPU.Build.0 = Debug|Any CPU
		{08E1F8A7-118A-12B1-FCCC-04F998EAC734}.Release|Any CPU.ActiveCfg = Release|Any CPU
		{08E1F8A7-118A-12B1-FCCC-04F998EAC734}.Release|Any CPU.Build.0 = Release|Any CPU
		{9DEE67C6-69B8-E832-702F-E410DA2E5E28}.Debug|Any CPU.ActiveCfg = Debug|Any CPU
		{9DEE67C6-69B8-E832-702F-E410DA2E5E28}.Debug|Any CPU.Build.0 = Debug|Any CPU
		{9DEE67C6-69B8-E832-702F-E410DA2E5E28}.Release|Any CPU.ActiveCfg = Release|Any CPU
		{9DEE67C6-69B8-E832-702F-E410DA2E5E28}.Release|Any CPU.Build.0 = Release|Any CPU
		{AED27066-11D6-6C71-EC3E-985A0E708BE7}.Debug|Any CPU.ActiveCfg = Debug|Any CPU
		{AED27066-11D6-6C71-EC3E-985A0E708BE7}.Debug|Any CPU.Build.0 = Debug|Any CPU
		{AED27066-11D6-6C71-EC3E-985A0E708BE7}.Release|Any CPU.ActiveCfg = Release|Any CPU
		{AED27066-11D6-6C71-EC3E-985A0E708BE7}.Release|Any CPU.Build.0 = Release|Any CPU
		{B3BE34E7-45D2-CDE6-307E-730A0B1E32FB}.Debug|Any CPU.ActiveCfg = Debug|Any CPU
		{B3BE34E7-45D2-CDE6-307E-730A0B1E32FB}.Debug|Any CPU.Build.0 = Debug|Any CPU
		{B3BE34E7-45D2-CDE6-307E-730A0B1E32FB}.Release|Any CPU.ActiveCfg = Release|Any CPU
		{B3BE34E7-45D2-CDE6-307E-730A0B1E32FB}.Release|Any CPU.Build.0 = Release|Any CPU
		{2CD22BE4-2038-1CD9-01B7-75A4BD76D9C5}.Debug|Any CPU.ActiveCfg = Debug|Any CPU
		{2CD22BE4-2038-1CD9-01B7-75A4BD76D9C5}.Debug|Any CPU.Build.0 = Debug|Any CPU
		{2CD22BE4-2038-1CD9-01B7-75A4BD76D9C5}.Release|Any CPU.ActiveCfg = Release|Any CPU
		{2CD22BE4-2038-1CD9-01B7-75A4BD76D9C5}.Release|Any CPU.Build.0 = Release|Any CPU
		{A51010AE-561F-1B05-D5A3-A76427D5AB1C}.Debug|Any CPU.ActiveCfg = Debug|Any CPU
		{A51010AE-561F-1B05-D5A3-A76427D5AB1C}.Debug|Any CPU.Build.0 = Debug|Any CPU
		{A51010AE-561F-1B05-D5A3-A76427D5AB1C}.Release|Any CPU.ActiveCfg = Release|Any CPU
		{A51010AE-561F-1B05-D5A3-A76427D5AB1C}.Release|Any CPU.Build.0 = Release|Any CPU
		{2903E337-539D-86A9-7064-92F8F65A600C}.Debug|Any CPU.ActiveCfg = Debug|Any CPU
		{2903E337-539D-86A9-7064-92F8F65A600C}.Debug|Any CPU.Build.0 = Debug|Any CPU
		{2903E337-539D-86A9-7064-92F8F65A600C}.Release|Any CPU.ActiveCfg = Release|Any CPU
		{2903E337-539D-86A9-7064-92F8F65A600C}.Release|Any CPU.Build.0 = Release|Any CPU
		{E339BB2F-D45A-0BD8-0C53-FFE09DF74CA7}.Debug|Any CPU.ActiveCfg = Debug|Any CPU
		{E339BB2F-D45A-0BD8-0C53-FFE09DF74CA7}.Debug|Any CPU.Build.0 = Debug|Any CPU
		{E339BB2F-D45A-0BD8-0C53-FFE09DF74CA7}.Release|Any CPU.ActiveCfg = Release|Any CPU
		{E339BB2F-D45A-0BD8-0C53-FFE09DF74CA7}.Release|Any CPU.Build.0 = Release|Any CPU
		{0ABA4222-30A3-01DE-F149-6E188189CCDE}.Debug|Any CPU.ActiveCfg = Debug|Any CPU
		{0ABA4222-30A3-01DE-F149-6E188189CCDE}.Debug|Any CPU.Build.0 = Debug|Any CPU
		{0ABA4222-30A3-01DE-F149-6E188189CCDE}.Release|Any CPU.ActiveCfg = Release|Any CPU
		{0ABA4222-30A3-01DE-F149-6E188189CCDE}.Release|Any CPU.Build.0 = Release|Any CPU
		{BC570E0E-0E50-BF9C-85CB-361CCD369264}.Debug|Any CPU.ActiveCfg = Debug|Any CPU
		{BC570E0E-0E50-BF9C-85CB-361CCD369264}.Debug|Any CPU.Build.0 = Debug|Any CPU
		{BC570E0E-0E50-BF9C-85CB-361CCD369264}.Release|Any CPU.ActiveCfg = Release|Any CPU
		{BC570E0E-0E50-BF9C-85CB-361CCD369264}.Release|Any CPU.Build.0 = Release|Any CPU
		{962548D7-6CAC-276B-61BC-72E74E9A3345}.Debug|Any CPU.ActiveCfg = Debug|Any CPU
		{962548D7-6CAC-276B-61BC-72E74E9A3345}.Debug|Any CPU.Build.0 = Debug|Any CPU
		{962548D7-6CAC-276B-61BC-72E74E9A3345}.Release|Any CPU.ActiveCfg = Release|Any CPU
		{962548D7-6CAC-276B-61BC-72E74E9A3345}.Release|Any CPU.Build.0 = Release|Any CPU
		{DC508C0B-2B73-5326-55FD-001B4D256476}.Debug|Any CPU.ActiveCfg = Debug|Any CPU
		{DC508C0B-2B73-5326-55FD-001B4D256476}.Debug|Any CPU.Build.0 = Debug|Any CPU
		{DC508C0B-2B73-5326-55FD-001B4D256476}.Release|Any CPU.ActiveCfg = Release|Any CPU
		{DC508C0B-2B73-5326-55FD-001B4D256476}.Release|Any CPU.Build.0 = Release|Any CPU
		{818678D8-7B37-8B6D-93D3-32A8D186598D}.Debug|Any CPU.ActiveCfg = Debug|Any CPU
		{818678D8-7B37-8B6D-93D3-32A8D186598D}.Debug|Any CPU.Build.0 = Debug|Any CPU
		{818678D8-7B37-8B6D-93D3-32A8D186598D}.Release|Any CPU.ActiveCfg = Release|Any CPU
		{818678D8-7B37-8B6D-93D3-32A8D186598D}.Release|Any CPU.Build.0 = Release|Any CPU
		{49205B91-8986-BD49-0CA5-C2A38B025132}.Debug|Any CPU.ActiveCfg = Debug|Any CPU
		{49205B91-8986-BD49-0CA5-C2A38B025132}.Debug|Any CPU.Build.0 = Debug|Any CPU
		{49205B91-8986-BD49-0CA5-C2A38B025132}.Release|Any CPU.ActiveCfg = Release|Any CPU
		{49205B91-8986-BD49-0CA5-C2A38B025132}.Release|Any CPU.Build.0 = Release|Any CPU
		{9F0C7B00-A0D1-7675-2090-3ABB66D85F56}.Debug|Any CPU.ActiveCfg = Debug|Any CPU
		{9F0C7B00-A0D1-7675-2090-3ABB66D85F56}.Debug|Any CPU.Build.0 = Debug|Any CPU
		{9F0C7B00-A0D1-7675-2090-3ABB66D85F56}.Release|Any CPU.ActiveCfg = Release|Any CPU
		{9F0C7B00-A0D1-7675-2090-3ABB66D85F56}.Release|Any CPU.Build.0 = Release|Any CPU
		{48F779B1-5FD1-BB83-65E1-1B75476B2848}.Debug|Any CPU.ActiveCfg = Debug|Any CPU
		{48F779B1-5FD1-BB83-65E1-1B75476B2848}.Debug|Any CPU.Build.0 = Debug|Any CPU
		{48F779B1-5FD1-BB83-65E1-1B75476B2848}.Release|Any CPU.ActiveCfg = Release|Any CPU
		{48F779B1-5FD1-BB83-65E1-1B75476B2848}.Release|Any CPU.Build.0 = Release|Any CPU
		{3C07285A-DA52-B5F3-481F-B65A576FA24B}.Debug|Any CPU.ActiveCfg = Debug|Any CPU
		{3C07285A-DA52-B5F3-481F-B65A576FA24B}.Debug|Any CPU.Build.0 = Debug|Any CPU
		{3C07285A-DA52-B5F3-481F-B65A576FA24B}.Release|Any CPU.ActiveCfg = Release|Any CPU
		{3C07285A-DA52-B5F3-481F-B65A576FA24B}.Release|Any CPU.Build.0 = Release|Any CPU
		{A9693D76-5F8C-D1BE-6B0A-06CA79CA92E3}.Debug|Any CPU.ActiveCfg = Debug|Any CPU
		{A9693D76-5F8C-D1BE-6B0A-06CA79CA92E3}.Debug|Any CPU.Build.0 = Debug|Any CPU
		{A9693D76-5F8C-D1BE-6B0A-06CA79CA92E3}.Release|Any CPU.ActiveCfg = Release|Any CPU
		{A9693D76-5F8C-D1BE-6B0A-06CA79CA92E3}.Release|Any CPU.Build.0 = Release|Any CPU
		{265C5BA7-2C5A-24EF-D009-0218C18000ED}.Debug|Any CPU.ActiveCfg = Debug|Any CPU
		{265C5BA7-2C5A-24EF-D009-0218C18000ED}.Debug|Any CPU.Build.0 = Debug|Any CPU
		{265C5BA7-2C5A-24EF-D009-0218C18000ED}.Release|Any CPU.ActiveCfg = Release|Any CPU
		{265C5BA7-2C5A-24EF-D009-0218C18000ED}.Release|Any CPU.Build.0 = Release|Any CPU
		{3B94586A-3603-5150-9052-0764932B3F7D}.Debug|Any CPU.ActiveCfg = Debug|Any CPU
		{3B94586A-3603-5150-9052-0764932B3F7D}.Debug|Any CPU.Build.0 = Debug|Any CPU
		{3B94586A-3603-5150-9052-0764932B3F7D}.Release|Any CPU.ActiveCfg = Release|Any CPU
		{3B94586A-3603-5150-9052-0764932B3F7D}.Release|Any CPU.Build.0 = Release|Any CPU
		{1FE512E5-070B-655F-0876-F6A2B5EC8AA7}.Debug|Any CPU.ActiveCfg = Debug|Any CPU
		{1FE512E5-070B-655F-0876-F6A2B5EC8AA7}.Debug|Any CPU.Build.0 = Debug|Any CPU
		{1FE512E5-070B-655F-0876-F6A2B5EC8AA7}.Release|Any CPU.ActiveCfg = Release|Any CPU
		{1FE512E5-070B-655F-0876-F6A2B5EC8AA7}.Release|Any CPU.Build.0 = Release|Any CPU
		{D9EFCAF7-1A79-AF5F-E8E4-A8D0195958AF}.Debug|Any CPU.ActiveCfg = Debug|Any CPU
		{D9EFCAF7-1A79-AF5F-E8E4-A8D0195958AF}.Debug|Any CPU.Build.0 = Debug|Any CPU
		{D9EFCAF7-1A79-AF5F-E8E4-A8D0195958AF}.Release|Any CPU.ActiveCfg = Release|Any CPU
		{D9EFCAF7-1A79-AF5F-E8E4-A8D0195958AF}.Release|Any CPU.Build.0 = Release|Any CPU
		{474BE21E-1DB3-3A76-C591-BF7856DDD3AD}.Debug|Any CPU.ActiveCfg = Debug|Any CPU
		{474BE21E-1DB3-3A76-C591-BF7856DDD3AD}.Debug|Any CPU.Build.0 = Debug|Any CPU
		{474BE21E-1DB3-3A76-C591-BF7856DDD3AD}.Release|Any CPU.ActiveCfg = Release|Any CPU
		{474BE21E-1DB3-3A76-C591-BF7856DDD3AD}.Release|Any CPU.Build.0 = Release|Any CPU
		{7E0CA246-CDD9-49A7-67D4-FF8923DFA54F}.Debug|Any CPU.ActiveCfg = Debug|Any CPU
		{7E0CA246-CDD9-49A7-67D4-FF8923DFA54F}.Debug|Any CPU.Build.0 = Debug|Any CPU
		{7E0CA246-CDD9-49A7-67D4-FF8923DFA54F}.Release|Any CPU.ActiveCfg = Release|Any CPU
		{7E0CA246-CDD9-49A7-67D4-FF8923DFA54F}.Release|Any CPU.Build.0 = Release|Any CPU
		{355FCF7E-38E9-9FBC-ABFF-3A7F5A6633F5}.Debug|Any CPU.ActiveCfg = Debug|Any CPU
		{355FCF7E-38E9-9FBC-ABFF-3A7F5A6633F5}.Debug|Any CPU.Build.0 = Debug|Any CPU
		{355FCF7E-38E9-9FBC-ABFF-3A7F5A6633F5}.Release|Any CPU.ActiveCfg = Release|Any CPU
		{355FCF7E-38E9-9FBC-ABFF-3A7F5A6633F5}.Release|Any CPU.Build.0 = Release|Any CPU
		{807A36AE-7E8A-E5ED-CECD-23473725C3A2}.Debug|Any CPU.ActiveCfg = Debug|Any CPU
		{807A36AE-7E8A-E5ED-CECD-23473725C3A2}.Debug|Any CPU.Build.0 = Debug|Any CPU
		{807A36AE-7E8A-E5ED-CECD-23473725C3A2}.Release|Any CPU.ActiveCfg = Release|Any CPU
		{807A36AE-7E8A-E5ED-CECD-23473725C3A2}.Release|Any CPU.Build.0 = Release|Any CPU
		{E918313E-CD2A-06F0-BE3D-189D7C11495A}.Debug|Any CPU.ActiveCfg = Debug|Any CPU
		{E918313E-CD2A-06F0-BE3D-189D7C11495A}.Debug|Any CPU.Build.0 = Debug|Any CPU
		{E918313E-CD2A-06F0-BE3D-189D7C11495A}.Release|Any CPU.ActiveCfg = Release|Any CPU
		{E918313E-CD2A-06F0-BE3D-189D7C11495A}.Release|Any CPU.Build.0 = Release|Any CPU
		{D6461825-9232-A739-BCB6-6A24A9AE9134}.Debug|Any CPU.ActiveCfg = Debug|Any CPU
		{D6461825-9232-A739-BCB6-6A24A9AE9134}.Debug|Any CPU.Build.0 = Debug|Any CPU
		{D6461825-9232-A739-BCB6-6A24A9AE9134}.Release|Any CPU.ActiveCfg = Release|Any CPU
		{D6461825-9232-A739-BCB6-6A24A9AE9134}.Release|Any CPU.Build.0 = Release|Any CPU
		{40FE1FB7-632E-F10C-4D09-3702C3848A3D}.Debug|Any CPU.ActiveCfg = Debug|Any CPU
		{40FE1FB7-632E-F10C-4D09-3702C3848A3D}.Debug|Any CPU.Build.0 = Debug|Any CPU
		{40FE1FB7-632E-F10C-4D09-3702C3848A3D}.Release|Any CPU.ActiveCfg = Release|Any CPU
		{40FE1FB7-632E-F10C-4D09-3702C3848A3D}.Release|Any CPU.Build.0 = Release|Any CPU
		{D655211F-B145-7797-1B96-C7BAC5600FC5}.Debug|Any CPU.ActiveCfg = Debug|Any CPU
		{D655211F-B145-7797-1B96-C7BAC5600FC5}.Debug|Any CPU.Build.0 = Debug|Any CPU
		{D655211F-B145-7797-1B96-C7BAC5600FC5}.Release|Any CPU.ActiveCfg = Release|Any CPU
		{D655211F-B145-7797-1B96-C7BAC5600FC5}.Release|Any CPU.Build.0 = Release|Any CPU
		{4DB8ABBC-CA2A-1E5F-AFDD-833429B33A90}.Debug|Any CPU.ActiveCfg = Debug|Any CPU
		{4DB8ABBC-CA2A-1E5F-AFDD-833429B33A90}.Debug|Any CPU.Build.0 = Debug|Any CPU
		{4DB8ABBC-CA2A-1E5F-AFDD-833429B33A90}.Release|Any CPU.ActiveCfg = Release|Any CPU
		{4DB8ABBC-CA2A-1E5F-AFDD-833429B33A90}.Release|Any CPU.Build.0 = Release|Any CPU
		{8CD64593-F38C-2091-4F2E-A1F929E60399}.Debug|Any CPU.ActiveCfg = Debug|Any CPU
		{8CD64593-F38C-2091-4F2E-A1F929E60399}.Debug|Any CPU.Build.0 = Debug|Any CPU
		{8CD64593-F38C-2091-4F2E-A1F929E60399}.Release|Any CPU.ActiveCfg = Release|Any CPU
		{8CD64593-F38C-2091-4F2E-A1F929E60399}.Release|Any CPU.Build.0 = Release|Any CPU
		{1C8DC8B5-856F-2406-7C3D-433A59496E57}.Debug|Any CPU.ActiveCfg = Debug|Any CPU
		{1C8DC8B5-856F-2406-7C3D-433A59496E57}.Debug|Any CPU.Build.0 = Debug|Any CPU
		{1C8DC8B5-856F-2406-7C3D-433A59496E57}.Release|Any CPU.ActiveCfg = Release|Any CPU
		{1C8DC8B5-856F-2406-7C3D-433A59496E57}.Release|Any CPU.Build.0 = Release|Any CPU
		{91386F0A-FD82-FE7E-3674-2B76F90E8DC3}.Debug|Any CPU.ActiveCfg = Debug|Any CPU
		{91386F0A-FD82-FE7E-3674-2B76F90E8DC3}.Debug|Any CPU.Build.0 = Debug|Any CPU
		{91386F0A-FD82-FE7E-3674-2B76F90E8DC3}.Release|Any CPU.ActiveCfg = Release|Any CPU
		{91386F0A-FD82-FE7E-3674-2B76F90E8DC3}.Release|Any CPU.Build.0 = Release|Any CPU
	EndGlobalSection
	GlobalSection(SolutionProperties) = preSolution
		HideSolutionNode = FALSE
	EndGlobalSection
EndGlobal
